# This file is automatically @generated by Cargo.
# It is not intended for manual editing.
[[package]]
name = "aoc2018"
version = "0.1.0"
dependencies = [
 "linked_list",
]

[[package]]
name = "linked_list"
version = "0.1.0"
source = "git+https://github.com/jonayerdi/linked_list#d768946b8e74b265f6abbe2b38283952490fc33f"
